<<<<<<< HEAD
Last acquired by /home/fhermas22/snap/flutter/common/flutter/bin/cache/dart-sdk/bin/dart (pid 199475) running file:///home/fhermas22/snap/flutter/common/flutter/bin/cache/flutter_tools.snapshot on 2026-05-21 19:21:57.806905.
=======
Last acquired by /home/fhermas22/snap/flutter/common/flutter/bin/cache/dart-sdk/bin/dart (pid 173587) running file:///home/fhermas22/snap/flutter/common/flutter/bin/cache/flutter_tools.snapshot on 2026-05-21 16:48:12.261389.
<<<<<<< HEAD
<<<<<<< HEAD
>>>>>>> 4fbe0da (chore: delete comchill-app)
=======
>>>>>>> 569b21f (chore: delete comchill-app)
>>>>>>> b1e0b7e (chore: delete comchill-app)
=======
>>>>>>> 569b21f (chore: delete comchill-app)
=======
>>>>>>> 4fbe0da (chore: delete comchill-app)
>>>>>>> 6e52f36 (chore: delete comchill-app)
>>>>>>> 1abaf32 (chore: delete comchill-app)
