<<<<<<< HEAD
<<<<<<< HEAD
Last acquired by /home/fhermas22/snap/flutter/common/flutter/bin/cache/dart-sdk/bin/dart (pid 189563) running file:///home/fhermas22/snap/flutter/common/flutter/bin/cache/flutter_tools.snapshot on 2026-05-21 17:59:44.977710.
=======
Last acquired by /home/fhermas22/snap/flutter/common/flutter/bin/cache/dart-sdk/bin/dart (pid 173587) running file:///home/fhermas22/snap/flutter/common/flutter/bin/cache/flutter_tools.snapshot on 2026-05-21 16:48:12.264599.
<<<<<<< HEAD
>>>>>>> 569b21f (chore: delete comchill-app)
=======
>>>>>>> 4fbe0da (chore: delete comchill-app)
>>>>>>> 6e52f36 (chore: delete comchill-app)
=======
Last acquired by /home/fhermas22/snap/flutter/common/flutter/bin/cache/dart-sdk/bin/dart (pid 173587) running file:///home/fhermas22/snap/flutter/common/flutter/bin/cache/flutter_tools.snapshot on 2026-05-21 16:48:12.264599.
>>>>>>> 569b21f (chore: delete comchill-app)
